// !$*UTF8*$!
{
	archiveVersion = 1;
	classes = {
	};
	objectVersion = 56;
	objects = {

/* Begin PBXBuildFile section */
		3E31D07B2ABB35AA00AEE439 /* AppDelegate.swift in Sources */ = {isa = PBXBuildFile; fileRef = 3E31D07A2ABB35AA00AEE439 /* AppDelegate.swift */; };
		3E31D07D2ABB35AA00AEE439 /* SceneDelegate.swift in Sources */ = {isa = PBXBuildFile; fileRef = 3E31D07C2ABB35AA00AEE439 /* SceneDelegate.swift */; };
		3E31D07F2ABB35AA00AEE439 /* ViewController.swift in Sources */ = {isa = PBXBuildFile; fileRef = 3E31D07E2ABB35AA00AEE439 /* ViewController.swift */; };
		3E31D0822ABB35AA00AEE439 /* Main.storyboard in Resources */ = {isa = PBXBuildFile; fileRef = 3E31D0802ABB35AA00AEE439 /* Main.storyboard */; };
		3E31D0842ABB35AC00AEE439 /* Assets.xcassets in Resources */ = {isa = PBXBuildFile; fileRef = 3E31D0832ABB35AC00AEE439 /* Assets.xcassets */; };
		3E31D0872ABB35AC00AEE439 /* LaunchScreen.storyboard in Resources */ = {isa = PBXBuildFile; fileRef = 3E31D0852ABB35AC00AEE439 /* LaunchScreen.storyboard */; };
		3E31D0922ABB35AC00AEE439 /* newCafeMiniTests.swift in Sources */ = {isa = PBXBuildFile; fileRef = 3E31D0912ABB35AC00AEE439 /* newCafeMiniTests.swift */; };
		3E31D09C2ABB35AC00AEE439 /* newCafeMiniUITests.swift in Sources */ = {isa = PBXBuildFile; fileRef = 3E31D09B2ABB35AC00AEE439 /* newCafeMiniUITests.swift */; };
		3E31D09E2ABB35AC00AEE439 /* newCafeMiniUITestsLaunchTests.swift in Sources */ = {isa = PBXBuildFile; fileRef = 3E31D09D2ABB35AC00AEE439 /* newCafeMiniUITestsLaunchTests.swift */; };
/* End PBXBuildFile section */

/* Begin PBXContainerItemProxy section */
		3E31D08E2ABB35AC00AEE439 /* PBXContainerItemProxy */ = {
			isa = PBXContainerItemProxy;
			containerPortal = 3E31D06F2ABB35AA00AEE439 /* Project object */;
			proxyType = 1;
			remoteGlobalIDString = 3E31D0762ABB35AA00AEE439;
			remoteInfo = newCafeMini;
		};
		3E31D0982ABB35AC00AEE439 /* PBXContainerItemProxy */ = {
			isa = PBXContainerItemProxy;
			containerPortal = 3E31D06F2ABB35AA00AEE439 /* Project object */;
			proxyType = 1;
			remoteGlobalIDString = 3E31D0762ABB35AA00AEE439;
			remoteInfo = newCafeMini;
		};
/* End PBXContainerItemProxy section */

/* Begin PBXFileReference section */
		3E31D0772ABB35AA00AEE439 /* newCafeMini.app */ = {isa = PBXFileReference; explicitFileType = wrapper.application; includeInIndex = 0; path = newCafeMini.app; sourceTree = BUILT_PRODUCTS_DIR; };
		3E31D07A2ABB35AA00AEE439 /* AppDelegate.swift */ = {isa = PBXFileReference; lastKnownFileType = sourcecode.swift; path = AppDelegate.swift; sourceTree = "<group>"; };
		3E31D07C2ABB35AA00AEE439 /* SceneDelegate.swift */ = {isa = PBXFileReference; lastKnownFileType = sourcecode.swift; path = SceneDelegate.swift; sourceTree = "<group>"; };
		3E31D07E2ABB35AA00AEE439 /* ViewController.swift */ = {isa = PBXFileReference; lastKnownFileType = sourcecode.swift; path = ViewController.swift; sourceTree = "<group>"; };
		3E31D0812ABB35AA00AEE439 /* Base */ = {isa = PBXFileReference; lastKnownFileType = file.storyboard; name = Base; path = Base.lproj/Main.storyboard; sourceTree = "<group>"; };
		3E31D0832ABB35AC00AEE439 /* Assets.xcassets */ = {isa = PBXFileReference; lastKnownFileType = folder.assetcatalog; path = Assets.xcassets; sourceTree = "<group>"; };
		3E31D0862ABB35AC00AEE439 /* Base */ = {isa = PBXFileReference; lastKnownFileType = file.storyboard; name = Base; path = Base.lproj/LaunchScreen.storyboard; sourceTree = "<group>"; };
		3E31D0882ABB35AC00AEE439 /* Info.plist */ = {isa = PBXFileReference; lastKnownFileType = text.plist.xml; path = Info.plist; sourceTree = "<group>"; };
		3E31D08D2ABB35AC00AEE439 /* newCafeMiniTests.xctest */ = {isa = PBXFileReference; explicitFileType = wrapper.cfbundle; includeInIndex = 0; path = newCafeMiniTests.xctest; sourceTree = BUILT_PRODUCTS_DIR; };
		3E31D0912ABB35AC00AEE439 /* newCafeMiniTests.swift */ = {isa = PBXFileReference; lastKnownFileType = sourcecode.swift; path = newCafeMiniTests.swift; sourceTree = "<group>"; };
		3E31D0972ABB35AC00AEE439 /* newCafeMiniUITests.xctest */ = {isa = PBXFileReference; explicitFileType = wrapper.cfbundle; includeInIndex = 0; path = newCafeMiniUITests.xctest; sourceTree = BUILT_PRODUCTS_DIR; };
		3E31D09B2ABB35AC00AEE439 /* newCafeMiniUITests.swift */ = {isa = PBXFileReference; lastKnownFileType = sourcecode.swift; path = newCafeMiniUITests.swift; sourceTree = "<group>"; };
		3E31D09D2ABB35AC00AEE439 /* newCafeMiniUITestsLaunchTests.swift */ = {isa = PBXFileReference; lastKnownFileType = sourcecode.swift; path = newCafeMiniUITestsLaunchTests.swift; sourceTree = "<group>"; };
/* End PBXFileReference section */

/* Begin PBXFrameworksBuildPhase section */
		3E31D0742ABB35AA00AEE439 /* Frameworks */ = {
			isa = PBXFrameworksBuildPhase;
			buildActionMask = 2147483647;
			files = (
			);
			runOnlyForDeploymentPostprocessing = 0;
		};
		3E31D08A2ABB35AC00AEE439 /* Frameworks */ = {
			isa = PBXFrameworksBuildPhase;
			buildActionMask = 2147483647;
			files = (
			);
			runOnlyForDeploymentPostprocessing = 0;
		};
		3E31D0942ABB35AC00AEE439 /* Frameworks */ = {
			isa = PBXFrameworksBuildPhase;
			buildActionMask = 2147483647;
			files = (
			);
			runOnlyForDeploymentPostprocessing = 0;
		};
/* End PBXFrameworksBuildPhase section */

/* Begin PBXGroup section */
		3E31D06E2ABB35AA00AEE439 = {
			isa = PBXGroup;
			children = (
				3E31D0792ABB35AA00AEE439 /* newCafeMini */,
				3E31D0902ABB35AC00AEE439 /* newCafeMiniTests */,
				3E31D09A2ABB35AC00AEE439 /* newCafeMiniUITests */,
				3E31D0782ABB35AA00AEE439 /* Products */,
			);
			sourceTree = "<group>";
		};
		3E31D0782ABB35AA00AEE439 /* Products */ = {
			isa = PBXGroup;
			children = (
				3E31D0772ABB35AA00AEE439 /* newCafeMini.app */,
				3E31D08D2ABB35AC00AEE439 /* newCafeMiniTests.xctest */,
				3E31D0972ABB35AC00AEE439 /* newCafeMiniUITests.xctest */,
			);
			name = Products;
			sourceTree = "<group>";
		};
		3E31D0792ABB35AA00AEE439 /* newCafeMini */ = {
			isa = PBXGroup;
			children = (
				3E31D07A2ABB35AA00AEE439 /* AppDelegate.swift */,
				3E31D07C2ABB35AA00AEE439 /* SceneDelegate.swift */,
				3E31D07E2ABB35AA00AEE439 /* ViewController.swift */,
				3E31D0802ABB35AA00AEE439 /* Main.storyboard */,
				3E31D0832ABB35AC00AEE439 /* Assets.xcassets */,
				3E31D0852ABB35AC00AEE439 /* LaunchScreen.storyboard */,
				3E31D0882ABB35AC00AEE439 /* Info.plist */,
			);
			path = newCafeMini;
			sourceTree = "<group>";
		};
		3E31D0902ABB35AC00AEE439 /* newCafeMiniTests */ = {
			isa = PBXGroup;
			children = (
				3E31D0912ABB35AC00AEE439 /* newCafeMiniTests.swift */,
			);
			path = newCafeMiniTests;
			sourceTree = "<group>";
		};
		3E31D09A2ABB35AC00AEE439 /* newCafeMiniUITests */ = {
			isa = PBXGroup;
			children = (
				3E31D09B2ABB35AC00AEE439 /* newCafeMiniUITests.swift */,
				3E31D09D2ABB35AC00AEE439 /* newCafeMiniUITestsLaunchTests.swift */,
			);
			path = newCafeMiniUITests;
			sourceTree = "<group>";
		};
/* End PBXGroup section */

/* Begin PBXNativeTarget section */
		3E31D0762ABB35AA00AEE439 /* newCafeMini */ = {
			isa = PBXNativeTarget;
			buildConfigurationList = 3E31D0A12ABB35AC00AEE439 /* Build configuration list for PBXNativeTarget "newCafeMini" */;
			buildPhases = (
				3E31D0732ABB35AA00AEE439 /* Sources */,
				3E31D0742ABB35AA00AEE439 /* Frameworks */,
				3E31D0752ABB35AA00AEE439 /* Resources */,
			);
			buildRules = (
			);
			dependencies = (
			);
			name = newCafeMini;
			productName = newCafeMini;
			productReference = 3E31D0772ABB35AA00AEE439 /* newCafeMini.app */;
			productType = "com.apple.product-type.application";
		};
		3E31D08C2ABB35AC00AEE439 /* newCafeMiniTests */ = {
			isa = PBXNativeTarget;
			buildConfigurationList = 3E31D0A42ABB35AC00AEE439 /* Build configuration list for PBXNativeTarget "newCafeMiniTests" */;
			buildPhases = (
				3E31D0892ABB35AC00AEE439 /* Sources */,
				3E31D08A2ABB35AC00AEE439 /* Frameworks */,
				3E31D08B2ABB35AC00AEE439 /* Resources */,
			);
			buildRules = (
			);
			dependencies = (
				3E31D08F2ABB35AC00AEE439 /* PBXTargetDependency */,
			);
			name = newCafeMiniTests;
			productName = newCafeMiniTests;
			productReference = 3E31D08D2ABB35AC00AEE439 /* newCafeMiniTests.xctest */;
			productType = "com.apple.product-type.bundle.unit-test";
		};
		3E31D0962ABB35AC00AEE439 /* newCafeMiniUITests */ = {
			isa = PBXNativeTarget;
			buildConfigurationList = 3E31D0A72ABB35AC00AEE439 /* Build configuration list for PBXNativeTarget "newCafeMiniUITests" */;
			buildPhases = (
				3E31D0932ABB35AC00AEE439 /* Sources */,
				3E31D0942ABB35AC00AEE439 /* Frameworks */,
				3E31D0952ABB35AC00AEE439 /* Resources */,
			);
			buildRules = (
			);
			dependencies = (
				3E31D0992ABB35AC00AEE439 /* PBXTargetDependency */,
			);
			name = newCafeMiniUITests;
			productName = newCafeMiniUITests;
			productReference = 3E31D0972ABB35AC00AEE439 /* newCafeMiniUITests.xctest */;
			productType = "com.apple.product-type.bundle.ui-testing";
		};
/* End PBXNativeTarget section */

/* Begin PBXProject section */
		3E31D06F2ABB35AA00AEE439 /* Project object */ = {
			isa = PBXProject;
			attributes = {
				BuildIndependentTargetsInParallel = 1;
				LastSwiftUpdateCheck = 1430;
				LastUpgradeCheck = 1430;
				TargetAttributes = {
					3E31D0762ABB35AA00AEE439 = {
						CreatedOnToolsVersion = 14.3.1;
					};
					3E31D08C2ABB35AC00AEE439 = {
						CreatedOnToolsVersion = 14.3.1;
						TestTargetID = 3E31D0762ABB35AA00AEE439;
					};
					3E31D0962ABB35AC00AEE439 = {
						CreatedOnToolsVersion = 14.3.1;
						TestTargetID = 3E31D0762ABB35AA00AEE439;
					};
				};
			};
			buildConfigurationList = 3E31D0722ABB35AA00AEE439 /* Build configuration list for PBXProject "newCafeMini" */;
			compatibilityVersion = "Xcode 14.0";
			developmentRegion = en;
			hasScannedForEncodings = 0;
			knownRegions = (
				en,
				Base,
			);
			mainGroup = 3E31D06E2ABB35AA00AEE439;
			productRefGroup = 3E31D0782ABB35AA00AEE439 /* Products */;
			projectDirPath = "";
			projectRoot = "";
			targets = (
				3E31D0762ABB35AA00AEE439 /* newCafeMini */,
				3E31D08C2ABB35AC00AEE439 /* newCafeMiniTests */,
				3E31D0962ABB35AC00AEE439 /* newCafeMiniUITests */,
			);
		};
/* End PBXProject section */

/* Begin PBXResourcesBuildPhase section */
		3E31D0752ABB35AA00AEE439 /* Resources */ = {
			isa = PBXResourcesBuildPhase;
			buildActionMask = 2147483647;
			files = (
				3E31D0872ABB35AC00AEE439 /* LaunchScreen.storyboard in Resources */,
				3E31D0842ABB35AC00AEE439 /* Assets.xcassets in Resources */,
				3E31D0822ABB35AA00AEE439 /* Main.storyboard in Resources */,
			);
			runOnlyForDeploymentPostprocessing = 0;
		};
		3E31D08B2ABB35AC00AEE439 /* Resources */ = {
			isa = PBXResourcesBuildPhase;
			buildActionMask = 2147483647;
			files = (
			);
			runOnlyForDeploymentPostprocessing = 0;
		};
		3E31D0952ABB35AC00AEE439 /* Resources */ = {
			isa = PBXResourcesBuildPhase;
			buildActionMask = 2147483647;
			files = (
			);
			runOnlyForDeploymentPostprocessing = 0;
		};
/* End PBXResourcesBuildPhase section */

/* Begin PBXSourcesBuildPhase section */
		3E31D0732ABB35AA00AEE439 /* Sources */ = {
			isa = PBXSourcesBuildPhase;
			buildActionMask = 2147483647;
			files = (
				3E31D07F2ABB35AA00AEE439 /* ViewController.swift in Sources */,
				3E31D07B2ABB35AA00AEE439 /* AppDelegate.swift in Sources */,
				3E31D07D2ABB35AA00AEE439 /* SceneDelegate.swift in Sources */,
			);
			runOnlyForDeploymentPostprocessing = 0;
		};
		3E31D0892ABB35AC00AEE439 /* Sources */ = {
			isa = PBXSourcesBuildPhase;
			buildActionMask = 2147483647;
			files = (
				3E31D0922ABB35AC00AEE439 /* newCafeMiniTests.swift in Sources */,
			);
			runOnlyForDeploymentPostprocessing = 0;
		};
		3E31D0932ABB35AC00AEE439 /* Sources */ = {
			isa = PBXSourcesBuildPhase;
			buildActionMask = 2147483647;
			files = (
				3E31D09C2ABB35AC00AEE439 /* newCafeMiniUITests.swift in Sources */,
				3E31D09E2ABB35AC00AEE439 /* newCafeMiniUITestsLaunchTests.swift in Sources */,
			);
			runOnlyForDeploymentPostprocessing = 0;
		};
/* End PBXSourcesBuildPhase section */

/* Begin PBXTargetDependency section */
		3E31D08F2ABB35AC00AEE439 /* PBXTargetDependency */ = {
			isa = PBXTargetDependency;
			target = 3E31D0762ABB35AA00AEE439 /* newCafeMini */;
			targetProxy = 3E31D08E2ABB35AC00AEE439 /* PBXContainerItemProxy */;
		};
		3E31D0992ABB35AC00AEE439 /* PBXTargetDependency */ = {
			isa = PBXTargetDependency;
			target = 3E31D0762ABB35AA00AEE439 /* newCafeMini */;
			targetProxy = 3E31D0982ABB35AC00AEE439 /* PBXContainerItemProxy */;
		};
/* End PBXTargetDependency section */

/* Begin PBXVariantGroup section */
		3E31D0802ABB35AA00AEE439 /* Main.storyboard */ = {
			isa = PBXVariantGroup;
			children = (
				3E31D0812ABB35AA00AEE439 /* Base */,
			);
			name = Main.storyboard;
			sourceTree = "<group>";
		};
		3E31D0852ABB35AC00AEE439 /* LaunchScreen.storyboard */ = {
			isa = PBXVariantGroup;
			children = (
				3E31D0862ABB35AC00AEE439 /* Base */,
			);
			name = LaunchScreen.storyboard;
			sourceTree = "<group>";
		};
/* End PBXVariantGroup section */

/* Begin XCBuildConfiguration section */
		3E31D09F2ABB35AC00AEE439 /* Debug */ = {
			isa = XCBuildConfiguration;
			buildSettings = {
				ALWAYS_SEARCH_USER_PATHS = NO;
				CLANG_ANALYZER_NONNULL = YES;
				CLANG_ANALYZER_NUMBER_OBJECT_CONVERSION = YES_AGGRESSIVE;
				CLANG_CXX_LANGUAGE_STANDARD = "gnu++20";
				CLANG_ENABLE_MODULES = YES;
				CLANG_ENABLE_OBJC_ARC = YES;
				CLANG_ENABLE_OBJC_WEAK = YES;
				CLANG_WARN_BLOCK_CAPTURE_AUTORELEASING = YES;
				CLANG_WARN_BOOL_CONVERSION = YES;
				CLANG_WARN_COMMA = YES;
				CLANG_WARN_CONSTANT_CONVERSION = YES;
				CLANG_WARN_DEPRECATED_OBJC_IMPLEMENTATIONS = YES;
				CLANG_WARN_DIRECT_OBJC_ISA_USAGE = YES_ERROR;
				CLANG_WARN_DOCUMENTATION_COMMENTS = YES;
				CLANG_WARN_EMPTY_BODY = YES;
				CLANG_WARN_ENUM_CONVERSION = YES;
				CLANG_WARN_INFINITE_RECURSION = YES;
				CLANG_WARN_INT_CONVERSION = YES;
				CLANG_WARN_NON_LITERAL_NULL_CONVERSION = YES;
				CLANG_WARN_OBJC_IMPLICIT_RETAIN_SELF = YES;
				CLANG_WARN_OBJC_LITERAL_CONVERSION = YES;
				CLANG_WARN_OBJC_ROOT_CLASS = YES_ERROR;
				CLANG_WARN_QUOTED_INCLUDE_IN_FRAMEWORK_HEADER = YES;
				CLANG_WARN_RANGE_LOOP_ANALYSIS = YES;
				CLANG_WARN_STRICT_PROTOTYPES = YES;
				CLANG_WARN_SUSPICIOUS_MOVE = YES;
				CLANG_WARN_UNGUARDED_AVAILABILITY = YES_AGGRESSIVE;
				CLANG_WARN_UNREACHABLE_CODE = YES;
				CLANG_WARN__DUPLICATE_METHOD_MATCH = YES;
				COPY_PHASE_STRIP = NO;
				DEBUG_INFORMATION_FORMAT = dwarf;
				ENABLE_STRICT_OBJC_MSGSEND = YES;
				ENABLE_TESTABILITY = YES;
				GCC_C_LANGUAGE_STANDARD = gnu11;
				GCC_DYNAMIC_NO_PIC = NO;
				GCC_NO_COMMON_BLOCKS = YES;
				GCC_OPTIMIZATION_LEVEL = 0;
				GCC_PREPROCESSOR_DEFINITIONS = (
					"DEBUG=1",
					"$(inherited)",
				);
				GCC_WARN_64_TO_32_BIT_CONVERSION = YES;
				GCC_WARN_ABOUT_RETURN_TYPE = YES_ERROR;
				GCC_WARN_UNDECLARED_SELECTOR = YES;
				GCC_WARN_UNINITIALIZED_AUTOS = YES_AGGRESSIVE;
				GCC_WARN_UNUSED_FUNCTION = YES;
				GCC_WARN_UNUSED_VARIABLE = YES;
				IPHONEOS_DEPLOYMENT_TARGET = 16.4;
				MTL_ENABLE_DEBUG_INFO = INCLUDE_SOURCE;
				MTL_FAST_MATH = YES;
				ONLY_ACTIVE_ARCH = YES;
				SDKROOT = iphoneos;
				SWIFT_ACTIVE_COMPILATION_CONDITIONS = DEBUG;
				SWIFT_OPTIMIZATION_LEVEL = "-Onone";
			};
			name = Debug;
		};
		3E31D0A02ABB35AC00AEE439 /* Release */ = {
			isa = XCBuildConfiguration;
			buildSettings = {
				ALWAYS_SEARCH_USER_PATHS = NO;
				CLANG_ANALYZER_NONNULL = YES;
				CLANG_ANALYZER_NUMBER_OBJECT_CONVERSION = YES_AGGRESSIVE;
				CLANG_CXX_LANGUAGE_STANDARD = "gnu++20";
				CLANG_ENABLE_MODULES = YES;
				CLANG_ENABLE_OBJC_ARC = YES;
				CLANG_ENABLE_OBJC_WEAK = YES;
				CLANG_WARN_BLOCK_CAPTURE_AUTORELEASING = YES;
				CLANG_WARN_BOOL_CONVERSION = YES;
				CLANG_WARN_COMMA = YES;
				CLANG_WARN_CONSTANT_CONVERSION = YES;
				CLANG_WARN_DEPRECATED_OBJC_IMPLEMENTATIONS = YES;
				CLANG_WARN_DIRECT_OBJC_ISA_USAGE = YES_ERROR;
				CLANG_WARN_DOCUMENTATION_COMMENTS = YES;
				CLANG_WARN_EMPTY_BODY = YES;
				CLANG_WARN_ENUM_CONVERSION = YES;
				CLANG_WARN_INFINITE_RECURSION = YES;
				CLANG_WARN_INT_CONVERSION = YES;
				CLANG_WARN_NON_LITERAL_NULL_CONVERSION = YES;
				CLANG_WARN_OBJC_IMPLICIT_RETAIN_SELF = YES;
				CLANG_WARN_OBJC_LITERAL_CONVERSION = YES;
				CLANG_WARN_OBJC_ROOT_CLASS = YES_ERROR;
				CLANG_WARN_QUOTED_INCLUDE_IN_FRAMEWORK_HEADER = YES;
				CLANG_WARN_RANGE_LOOP_ANALYSIS = YES;
				CLANG_WARN_STRICT_PROTOTYPES = YES;
				CLANG_WARN_SUSPICIOUS_MOVE = YES;
				CLANG_WARN_UNGUARDED_AVAILABILITY = YES_AGGRESSIVE;
				CLANG_WARN_UNREACHABLE_CODE = YES;
				CLANG_WARN__DUPLICATE_METHOD_MATCH = YES;
				COPY_PHASE_STRIP = NO;
				DEBUG_INFORMATION_FORMAT = "dwarf-with-dsym";
				ENABLE_NS_ASSERTIONS = NO;
				ENABLE_STRICT_OBJC_MSGSEND = YES;
				GCC_C_LANGUAGE_STANDARD = gnu11;
				GCC_NO_COMMON_BLOCKS = YES;
				GCC_WARN_64_TO_32_BIT_CONVERSION = YES;
				GCC_WARN_ABOUT_RETURN_TYPE = YES_ERROR;
				GCC_WARN_UNDECLARED_SELECTOR = YES;
				GCC_WARN_UNINITIALIZED_AUTOS = YES_AGGRESSIVE;
				GCC_WARN_UNUSED_FUNCTION = YES;
				GCC_WARN_UNUSED_VARIABLE = YES;
				IPHONEOS_DEPLOYMENT_TARGET = 16.4;
				MTL_ENABLE_DEBUG_INFO = NO;
				MTL_FAST_MATH = YES;
				SDKROOT = iphoneos;
				SWIFT_COMPILATION_MODE = wholemodule;
				SWIFT_OPTIMIZATION_LEVEL = "-O";
				VALIDATE_PRODUCT = YES;
			};
			name = Release;
		};
		3E31D0A22ABB35AC00AEE439 /* Debug */ = {
			isa = XCBuildConfiguration;
			buildSettings = {
				ASSETCATALOG_COMPILER_APPICON_NAME = AppIcon;
				ASSETCATALOG_COMPILER_GLOBAL_ACCENT_COLOR_NAME = AccentColor;
				CODE_SIGN_STYLE = Automatic;
				CURRENT_PROJECT_VERSION = 1;
				DEVELOPMENT_TEAM = NT6G4VQ67R;
				GENERATE_INFOPLIST_FILE = YES;
				INFOPLIST_FILE = newCafeMini/Info.plist;
				INFOPLIST_KEY_CFBundleDisplayName = "G-Eats";
				INFOPLIST_KEY_UIApplicationSupportsIndirectInputEvents = YES;
				INFOPLIST_KEY_UILaunchStoryboardName = LaunchScreen;
				INFOPLIST_KEY_UIMainStoryboardFile = Main;
				INFOPLIST_KEY_UISupportedInterfaceOrientations_iPad = "UIInterfaceOrientationPortrait UIInterfaceOrientationPortraitUpsideDown UIInterfaceOrientationLandscapeLeft UIInterfaceOrientationLandscapeRight";
				INFOPLIST_KEY_UISupportedInterfaceOrientations_iPhone = "UIInterfaceOrientationPortrait UIInterfaceOrientationLandscapeLeft UIInterfaceOrientationLandscapeRight";
				IPHONEOS_DEPLOYMENT_TARGET = 16.0;
				LD_RUNPATH_SEARCH_PATHS = (
					"$(inherited)",
					"@executable_path/Frameworks",
				);
				MARKETING_VERSION = 1.0;
				PRODUCT_BUNDLE_IDENTIFIER = clc.newCafeMini;
				PRODUCT_NAME = "$(TARGET_NAME)";
				SWIFT_EMIT_LOC_STRINGS = YES;
				SWIFT_VERSION = 5.0;
				TARGETED_DEVICE_FAMILY = "1,2";
			};
			name = Debug;
		};
		3E31D0A32ABB35AC00AEE439 /* Release */ = {
			isa = XCBuildConfiguration;
			buildSettings = {
				ASSETCATALOG_COMPILER_APPICON_NAME = AppIcon;
				ASSETCATALOG_COMPILER_GLOBAL_ACCENT_COLOR_NAME = AccentColor;
				CODE_SIGN_STYLE = Automatic;
				CURRENT_PROJECT_VERSION = 1;
				DEVELOPMENT_TEAM = NT6G4VQ67R;
				GENERATE_INFOPLIST_FILE = YES;
				INFOPLIST_FILE = newCafeMini/Info.plist;
				INFOPLIST_KEY_CFBundleDisplayName = "G-Eats";
				INFOPLIST_KEY_UIApplicationSupportsIndirectInputEvents = YES;
				INFOPLIST_KEY_UILaunchStoryboardName = LaunchScreen;
				INFOPLIST_KEY_UIMainStoryboardFile = Main;
				INFOPLIST_KEY_UISupportedInterfaceOrientations_iPad = "UIInterfaceOrientationPortrait UIInterfaceOrientationPortraitUpsideDown UIInterfaceOrientationLandscapeLeft UIInterfaceOrientationLandscapeRight";
				INFOPLIST_KEY_UISupportedInterfaceOrientations_iPhone = "UIInterfaceOrientationPortrait UIInterfaceOrientationLandscapeLeft UIInterfaceOrientationLandscapeRight";
				IPHONEOS_DEPLOYMENT_TARGET = 16.0;
				LD_RUNPATH_SEARCH_PATHS = (
					"$(inherited)",
					"@executable_path/Frameworks",
				);
				MARKETING_VERSION = 1.0;
				PRODUCT_BUNDLE_IDENTIFIER = clc.newCafeMini;
				PRODUCT_NAME = "$(TARGET_NAME)";
				SWIFT_EMIT_LOC_STRINGS = YES;
				SWIFT_VERSION = 5.0;
				TARGETED_DEVICE_FAMILY = "1,2";
			};
			name = Release;
		};
		3E31D0A52ABB35AC00AEE439 /* Debug */ = {
			isa = XCBuildConfiguration;
			buildSettings = {
				ALWAYS_EMBED_SWIFT_STANDARD_LIBRARIES = YES;
				BUNDLE_LOADER = "$(TEST_HOST)";
				CODE_SIGN_STYLE = Automatic;
				CURRENT_PROJECT_VERSION = 1;
				DEVELOPMENT_TEAM = NT6G4VQ67R;
				GENERATE_INFOPLIST_FILE = YES;
				IPHONEOS_DEPLOYMENT_TARGET = 16.4;
				MARKETING_VERSION = 1.0;
				PRODUCT_BUNDLE_IDENTIFIER = clc.newCafeMiniTests;
				PRODUCT_NAME = "$(TARGET_NAME)";
				SWIFT_EMIT_LOC_STRINGS = NO;
				SWIFT_VERSION = 5.0;
				TARGETED_DEVICE_FAMILY = "1,2";
				TEST_HOST = "$(BUILT_PRODUCTS_DIR)/newCafeMini.app/$(BUNDLE_EXECUTABLE_FOLDER_PATH)/newCafeMini";
			};
			name = Debug;
		};
		3E31D0A62ABB35AC00AEE439 /* Release */ = {
			isa = XCBuildConfiguration;
			buildSettings = {
				ALWAYS_EMBED_SWIFT_STANDARD_LIBRARIES = YES;
				BUNDLE_LOADER = "$(TEST_HOST)";
				CODE_SIGN_STYLE = Automatic;
				CURRENT_PROJECT_VERSION = 1;
				DEVELOPMENT_TEAM = NT6G4VQ67R;
				GENERATE_INFOPLIST_FILE = YES;
				IPHONEOS_DEPLOYMENT_TARGET = 16.4;
				MARKETING_VERSION = 1.0;
				PRODUCT_BUNDLE_IDENTIFIER = clc.newCafeMiniTests;
				PRODUCT_NAME = "$(TARGET_NAME)";
				SWIFT_EMIT_LOC_STRINGS = NO;
				SWIFT_VERSION = 5.0;
				TARGETED_DEVICE_FAMILY = "1,2";
				TEST_HOST = "$(BUILT_PRODUCTS_DIR)/newCafeMini.app/$(BUNDLE_EXECUTABLE_FOLDER_PATH)/newCafeMini";
			};
			name = Release;
		};
		3E31D0A82ABB35AC00AEE439 /* Debug */ = {
			isa = XCBuildConfiguration;
			buildSettings = {
				ALWAYS_EMBED_SWIFT_STANDARD_LIBRARIES = YES;
				CODE_SIGN_STYLE = Automatic;
				CURRENT_PROJECT_VERSION = 1;
				DEVELOPMENT_TEAM = NT6G4VQ67R;
				GENERATE_INFOPLIST_FILE = YES;
				MARKETING_VERSION = 1.0;
				PRODUCT_BUNDLE_IDENTIFIER = clc.newCafeMiniUITests;
				PRODUCT_NAME = "$(TARGET_NAME)";
				SWIFT_EMIT_LOC_STRINGS = NO;
				SWIFT_VERSION = 5.0;
				TARGETED_DEVICE_FAMILY = "1,2";
				TEST_TARGET_NAME = newCafeMini;
			};
			name = Debug;
		};
		3E31D0A92ABB35AC00AEE439 /* Release */ = {
			isa = XCBuildConfiguration;
			buildSettings = {
				ALWAYS_EMBED_SWIFT_STANDARD_LIBRARIES = YES;
				CODE_SIGN_STYLE = Automatic;
				CURRENT_PROJECT_VERSION = 1;
				DEVELOPMENT_TEAM = NT6G4VQ67R;
				GENERATE_INFOPLIST_FILE = YES;
				MARKETING_VERSION = 1.0;
				PRODUCT_BUNDLE_IDENTIFIER = clc.newCafeMiniUITests;
				PRODUCT_NAME = "$(TARGET_NAME)";
				SWIFT_EMIT_LOC_STRINGS = NO;
				SWIFT_VERSION = 5.0;
				TARGETED_DEVICE_FAMILY = "1,2";
				TEST_TARGET_NAME = newCafeMini;
			};
			name = Release;
		};
/* End XCBuildConfiguration section */

/* Begin XCConfigurationList section */
		3E31D0722ABB35AA00AEE439 /* Build configuration list for PBXProject "newCafeMini" */ = {
			isa = XCConfigurationList;
			buildConfigurations = (
				3E31D09F2ABB35AC00AEE439 /* Debug */,
				3E31D0A02ABB35AC00AEE439 /* Release */,
			);
			defaultConfigurationIsVisible = 0;
			defaultConfigurationName = Release;
		};
		3E31D0A12ABB35AC00AEE439 /* Build configuration list for PBXNativeTarget "newCafeMini" */ = {
			isa = XCConfigurationList;
			buildConfigurations = (
				3E31D0A22ABB35AC00AEE439 /* Debug */,
				3E31D0A32ABB35AC00AEE439 /* Release */,
			);
			defaultConfigurationIsVisible = 0;
			defaultConfigurationName = Release;
		};
		3E31D0A42ABB35AC00AEE439 /* Build configuration list for PBXNativeTarget "newCafeMiniTests" */ = {
			isa = XCConfigurationList;
			buildConfigurations = (
				3E31D0A52ABB35AC00AEE439 /* Debug */,
				3E31D0A62ABB35AC00AEE439 /* Release */,
			);
			defaultConfigurationIsVisible = 0;
			defaultConfigurationName = Release;
		};
		3E31D0A72ABB35AC00AEE439 /* Build configuration list for PBXNativeTarget "newCafeMiniUITests" */ = {
			isa = XCConfigurationList;
			buildConfigurations = (
				3E31D0A82ABB35AC00AEE439 /* Debug */,
				3E31D0A92ABB35AC00AEE439 /* Release */,
			);
			defaultConfigurationIsVisible = 0;
			defaultConfigurationName = Release;
		};
/* End XCConfigurationList section */
	};
	rootObject = 3E31D06F2ABB35AA00AEE439 /* Project object */;
}
